
Microsoft Visual Studio Solution File, Format Version 12.00
# Visual Studio 15
VisualStudioVersion = 15.0.27004.2009
MinimumVisualStudioVersion = 10.0.40219.1
Project("{FAE04EC0-301F-11D3-BF4B-00C04F79EFBC}") = "UpdateCmpInfo", "ConsoleApp2\UpdateCmpInfo.csproj", "{0F9991CE-0A90-41BF-AD40-EF57BF9219B3}"
EndProject
Global
	GlobalSection(SolutionConfigurationPlatforms) = preSolution
		Debug|Any CPU = Debug|Any CPU
		Release|Any CPU = Release|Any CPU
	EndGlobalSection
	GlobalSection(ProjectConfigurationPlatforms) = postSolution
		{0F9991CE-0A90-41BF-AD40-EF57BF9219B3}.Debug|Any CPU.ActiveCfg = Debug|Any CPU
		{0F9991CE-0A90-41BF-AD40-EF57BF9219B3}.Debug|Any CPU.Build.0 = Debug|Any CPU
		{0F9991CE-0A90-41BF-AD40-EF57BF9219B3}.Release|Any CPU.ActiveCfg = Release|Any CPU
		{0F9991CE-0A90-41BF-AD40-EF57BF9219B3}.Release|Any CPU.Build.0 = Release|Any CPU
	EndGlobalSection
	GlobalSection(SolutionProperties) = preSolution
		HideSolutionNode = FALSE
	EndGlobalSection
	GlobalSection(ExtensibilityGlobals) = postSolution
		SolutionGuid = {BF49E16D-0009-40F8-BF00-CE6938FE3323}
	EndGlobalSection
EndGlobal
